{
  "nodes": {
    "cachix": {
      "inputs": {
        "devenv": [
          "devenv"
        ],
        "flake-compat": [
          "devenv",
          "flake-compat"
        ],
        "git-hooks": [
          "devenv",
          "git-hooks"
        ],
        "nixpkgs": [
          "devenv",
          "nixpkgs"
        ]
      },
      "locked": {
        "lastModified": 1767714506,
        "narHash": "sha256-WaTs0t1CxhgxbIuvQ97OFhDTVUGd1HA+KzLZUZBhe0s=",
        "owner": "cachix",
        "repo": "cachix",
        "rev": "894c649f0daaa38bbcfb21de64be47dfa7cd0ec9",
        "type": "github"
      },
      "original": {
        "owner": "cachix",
        "ref": "latest",
        "repo": "cachix",
        "type": "github"
      }
    },
    "catppuccin-tmux": {
      "flake": false,
      "locked": {
        "lastModified": 1733626723,
        "narHash": "sha256-vBYBvZrMGLpMU059a+Z4SEekWdQD0GrDqBQyqfkEHPg=",
        "owner": "catppuccin",
        "repo": "tmux",
        "rev": "2c4cb5a07a3e133ce6d5382db1ab541a0216ddc7",
        "type": "github"
      },
      "original": {
        "owner": "catppuccin",
        "ref": "v2.1.2",
        "repo": "tmux",
        "type": "github"
      }
    },
    "devenv": {
      "inputs": {
        "cachix": "cachix",
        "flake-compat": "flake-compat",
        "flake-parts": "flake-parts",
        "git-hooks": [
          "git-hooks-nix"
        ],
        "nix": "nix",
        "nixd": "nixd",
        "nixpkgs": [
          "nixpkgs"
        ]
      },
      "locked": {
        "lastModified": 1772989822,
        "narHash": "sha256-3TQjDm5pXTpmsc7T48hlAxgm6G5INqZHyw8Rk9zYTG0=",
        "owner": "cachix",
        "repo": "devenv",
        "rev": "f8846599708f5c6ba69c156d4becaaab2218e184",
        "type": "github"
      },
      "original": {
        "owner": "cachix",
        "repo": "devenv",
        "type": "github"
      }
    },
    "direnv-instant": {
      "inputs": {
        "flake-parts": "flake-parts_2",
        "nixpkgs": "nixpkgs",
        "treefmt-nix": "treefmt-nix_2"
      },
      "locked": {
        "lastModified": 1772942952,
        "narHash": "sha256-TYCZ75AilEUpgWVunLYnE9OcybiANWtgG44fKGksIho=",
        "owner": "Mic92",
        "repo": "direnv-instant",
        "rev": "db53d410f9e5085de37cbb7e8344b64847e8c99d",
        "type": "github"
      },
      "original": {
        "owner": "Mic92",
        "repo": "direnv-instant",
        "type": "github"
      }
    },
    "flake-compat": {
      "flake": false,
      "locked": {
        "lastModified": 1767039857,
        "narHash": "sha256-vNpUSpF5Nuw8xvDLj2KCwwksIbjua2LZCqhV1LNRDns=",
        "owner": "edolstra",
        "repo": "flake-compat",
        "rev": "5edf11c44bc78a0d334f6334cdaf7d60d732daab",
        "type": "github"
      },
      "original": {
        "owner": "edolstra",
        "repo": "flake-compat",
        "type": "github"
      }
    },
    "flake-compat_2": {
      "flake": false,
      "locked": {
        "lastModified": 1767039857,
        "narHash": "sha256-vNpUSpF5Nuw8xvDLj2KCwwksIbjua2LZCqhV1LNRDns=",
        "owner": "NixOS",
        "repo": "flake-compat",
        "rev": "5edf11c44bc78a0d334f6334cdaf7d60d732daab",
        "type": "github"
      },
      "original": {
        "owner": "NixOS",
        "repo": "flake-compat",
        "type": "github"
      }
    },
    "flake-parts": {
      "inputs": {
        "nixpkgs-lib": [
          "devenv",
          "nixpkgs"
        ]
      },
      "locked": {
        "lastModified": 1772408722,
        "narHash": "sha256-rHuJtdcOjK7rAHpHphUb1iCvgkU3GpfvicLMwwnfMT0=",
        "owner": "hercules-ci",
        "repo": "flake-parts",
        "rev": "f20dc5d9b8027381c474144ecabc9034d6a839a3",
        "type": "github"
      },
      "original": {
        "owner": "hercules-ci",
        "repo": "flake-parts",
        "type": "github"
      }
    },
    "flake-parts_2": {
      "inputs": {
        "nixpkgs-lib": [
          "direnv-instant",
          "nixpkgs"
        ]
      },
      "locked": {
        "lastModified": 1772408722,
        "narHash": "sha256-rHuJtdcOjK7rAHpHphUb1iCvgkU3GpfvicLMwwnfMT0=",
        "owner": "hercules-ci",
        "repo": "flake-parts",
        "rev": "f20dc5d9b8027381c474144ecabc9034d6a839a3",
        "type": "github"
      },
      "original": {
        "owner": "hercules-ci",
        "repo": "flake-parts",
        "type": "github"
      }
    },
    "flake-parts_3": {
      "inputs": {
        "nixpkgs-lib": "nixpkgs-lib"
      },
      "locked": {
        "lastModified": 1772408722,
        "narHash": "sha256-rHuJtdcOjK7rAHpHphUb1iCvgkU3GpfvicLMwwnfMT0=",
        "owner": "hercules-ci",
        "repo": "flake-parts",
        "rev": "f20dc5d9b8027381c474144ecabc9034d6a839a3",
        "type": "github"
      },
      "original": {
        "owner": "hercules-ci",
        "repo": "flake-parts",
        "type": "github"
      }
    },
    "flake-root": {
      "locked": {
        "lastModified": 1723604017,
        "narHash": "sha256-rBtQ8gg+Dn4Sx/s+pvjdq3CB2wQNzx9XGFq/JVGCB6k=",
        "owner": "srid",
        "repo": "flake-root",
        "rev": "b759a56851e10cb13f6b8e5698af7b59c44be26e",
        "type": "github"
      },
      "original": {
        "owner": "srid",
        "repo": "flake-root",
        "type": "github"
      }
    },
    "flake-root_2": {
      "locked": {
        "lastModified": 1723604017,
        "narHash": "sha256-rBtQ8gg+Dn4Sx/s+pvjdq3CB2wQNzx9XGFq/JVGCB6k=",
        "owner": "srid",
        "repo": "flake-root",
        "rev": "b759a56851e10cb13f6b8e5698af7b59c44be26e",
        "type": "github"
      },
      "original": {
        "owner": "srid",
        "repo": "flake-root",
        "type": "github"
      }
    },
    "git-hooks-nix": {
      "inputs": {
        "flake-compat": "flake-compat_2",
        "gitignore": "gitignore",
        "nixpkgs": [
          "nixpkgs"
        ]
      },
      "locked": {
        "lastModified": 1772893680,
        "narHash": "sha256-JDqZMgxUTCq85ObSaFw0HhE+lvdOre1lx9iI6vYyOEs=",
        "owner": "cachix",
        "repo": "git-hooks.nix",
        "rev": "8baab586afc9c9b57645a734c820e4ac0a604af9",
        "type": "github"
      },
      "original": {
        "owner": "cachix",
        "repo": "git-hooks.nix",
        "type": "github"
      }
    },
    "gitignore": {
      "inputs": {
        "nixpkgs": [
          "git-hooks-nix",
          "nixpkgs"
        ]
      },
      "locked": {
        "lastModified": 1709087332,
        "narHash": "sha256-HG2cCnktfHsKV0s4XW83gU3F57gaTljL9KNSuG6bnQs=",
        "owner": "hercules-ci",
        "repo": "gitignore.nix",
        "rev": "637db329424fd7e46cf4185293b9cc8c88c95394",
        "type": "github"
      },
      "original": {
        "owner": "hercules-ci",
        "repo": "gitignore.nix",
        "type": "github"
      }
    },
    "home-manager": {
      "inputs": {
        "nixpkgs": [
          "nixpkgs"
        ]
      },
      "locked": {
        "lastModified": 1772985285,
        "narHash": "sha256-wEEmvfqJcl9J0wyMgMrj1TixOgInBW/6tLPhWGoZE3s=",
        "owner": "nix-community",
        "repo": "home-manager",
        "rev": "5be5d8245cbc7bc0c09fbb5f38f23f223c543f85",
        "type": "github"
      },
      "original": {
        "owner": "nix-community",
        "repo": "home-manager",
        "type": "github"
      }
    },
    "home-manager_2": {
      "inputs": {
        "nixpkgs": [
          "zen-browser",
          "nixpkgs"
        ]
      },
      "locked": {
        "lastModified": 1772330611,
        "narHash": "sha256-UZjPc/d5XRxvjDbk4veAO4XFdvx6BUum2l40V688Xq8=",
        "owner": "nix-community",
        "repo": "home-manager",
        "rev": "58fd7ff0eec2cda43e705c4c0585729ec471d400",
        "type": "github"
      },
      "original": {
        "owner": "nix-community",
        "repo": "home-manager",
        "type": "github"
      }
    },
    "nix": {
      "inputs": {
        "flake-compat": [
          "devenv",
          "flake-compat"
        ],
        "flake-parts": [
          "devenv",
          "flake-parts"
        ],
        "git-hooks-nix": [
          "devenv",
          "git-hooks"
        ],
        "nixpkgs": [
          "devenv",
          "nixpkgs"
        ],
        "nixpkgs-23-11": [
          "devenv"
        ],
        "nixpkgs-regression": [
          "devenv"
        ]
      },
      "locked": {
        "lastModified": 1772748357,
        "narHash": "sha256-vtf03lfgQKNkPH9FdXdboBDS5DtFkXB8xRw5EBpuDas=",
        "owner": "cachix",
        "repo": "nix",
        "rev": "41eee9d3b1f611b1b90d51caa858b6d83834c44a",
        "type": "github"
      },
      "original": {
        "owner": "cachix",
        "ref": "devenv-2.32",
        "repo": "nix",
        "type": "github"
      }
    },
    "nix-darwin": {
      "inputs": {
        "nixpkgs": [
          "nixpkgs"
        ]
      },
      "locked": {
        "lastModified": 1773000227,
        "narHash": "sha256-zm3ftUQw0MPumYi91HovoGhgyZBlM4o3Zy0LhPNwzXE=",
        "owner": "LnL7",
        "repo": "nix-darwin",
        "rev": "da529ac9e46f25ed5616fd634079a5f3c579135f",
        "type": "github"
      },
      "original": {
        "owner": "LnL7",
        "repo": "nix-darwin",
        "type": "github"
      }
    },
    "nix-fast-build": {
      "inputs": {
        "flake-parts": [
          "flake-parts"
        ],
        "nixpkgs": [
          "nixpkgs"
        ],
        "treefmt-nix": [
          "treefmt-nix"
        ]
      },
      "locked": {
        "lastModified": 1772943389,
        "narHash": "sha256-ZPlRNdkgKBeo6J0S51JZRFBGq/tFfd7oVqAz2a9ytuM=",
        "owner": "Mic92",
        "repo": "nix-fast-build",
        "rev": "dde85ca993e9709dce1932c679baa2436cd00127",
        "type": "github"
      },
      "original": {
        "owner": "Mic92",
        "repo": "nix-fast-build",
        "type": "github"
      }
    },
    "nixd": {
      "inputs": {
        "flake-parts": [
          "devenv",
          "flake-parts"
        ],
        "flake-root": "flake-root",
        "nixpkgs": [
          "devenv",
          "nixpkgs"
        ],
        "treefmt-nix": "treefmt-nix"
      },
      "locked": {
        "lastModified": 1772441848,
        "narHash": "sha256-H3W5PSJQTh8Yp51PGU3GUoGCcrD+y7nCsxYHQr+Orvw=",
        "owner": "nix-community",
        "repo": "nixd",
        "rev": "c896f916addae5b133ee0f4f01f9cd93906f62ea",
        "type": "github"
      },
      "original": {
        "owner": "nix-community",
        "repo": "nixd",
        "type": "github"
      }
    },
    "nixd_2": {
      "inputs": {
        "flake-parts": [
          "flake-parts"
        ],
        "flake-root": "flake-root_2",
        "nixpkgs": [
          "nixpkgs"
        ],
        "treefmt-nix": [
          "treefmt-nix"
        ]
      },
      "locked": {
        "lastModified": 1772441848,
        "narHash": "sha256-H3W5PSJQTh8Yp51PGU3GUoGCcrD+y7nCsxYHQr+Orvw=",
        "owner": "nix-community",
        "repo": "nixd",
        "rev": "c896f916addae5b133ee0f4f01f9cd93906f62ea",
        "type": "github"
      },
      "original": {
        "owner": "nix-community",
        "repo": "nixd",
        "type": "github"
      }
    },
    "nixpkgs": {
      "locked": {
        "lastModified": 1772773019,
        "narHash": "sha256-E1bxHxNKfDoQUuvriG71+f+s/NT0qWkImXsYZNFFfCs=",
        "owner": "NixOS",
        "repo": "nixpkgs",
        "rev": "aca4d95fce4914b3892661bcb80b8087293536c6",
        "type": "github"
      },
      "original": {
        "owner": "NixOS",
        "ref": "nixos-unstable",
        "repo": "nixpkgs",
        "type": "github"
      }
    },
    "nixpkgs-lib": {
      "locked": {
        "lastModified": 1772328832,
        "narHash": "sha256-e+/T/pmEkLP6BHhYjx6GmwP5ivonQQn0bJdH9YrRB+Q=",
        "owner": "nix-community",
        "repo": "nixpkgs.lib",
        "rev": "c185c7a5e5dd8f9add5b2f8ebeff00888b070742",
        "type": "github"
      },
      "original": {
        "owner": "nix-community",
        "repo": "nixpkgs.lib",
        "type": "github"
      }
    },
    "nixpkgs_2": {
      "locked": {
        "lastModified": 1772771118,
        "narHash": "sha256-xWzaTvmmACR/SRWtABgI/Z97lcqwJAeoSd5QW1KdK1s=",
        "owner": "NixOS",
        "repo": "nixpkgs",
        "rev": "e38213b91d3786389a446dfce4ff5a8aaf6012f2",
        "type": "github"
      },
      "original": {
        "owner": "NixOS",
        "ref": "nixpkgs-unstable",
        "repo": "nixpkgs",
        "type": "github"
      }
    },
    "nixpkgs_3": {
      "locked": {
        "lastModified": 1772198003,
        "narHash": "sha256-I45esRSssFtJ8p/gLHUZ1OUaaTaVLluNkABkk6arQwE=",
        "owner": "nixos",
        "repo": "nixpkgs",
        "rev": "dd9b079222d43e1943b6ebd802f04fd959dc8e61",
        "type": "github"
      },
      "original": {
        "owner": "nixos",
        "ref": "nixos-unstable",
        "repo": "nixpkgs",
        "type": "github"
      }
    },
    "root": {
      "inputs": {
        "catppuccin-tmux": "catppuccin-tmux",
        "devenv": "devenv",
        "direnv-instant": "direnv-instant",
        "flake-parts": "flake-parts_3",
        "git-hooks-nix": "git-hooks-nix",
        "home-manager": "home-manager",
        "nix-darwin": "nix-darwin",
        "nix-fast-build": "nix-fast-build",
        "nixd": "nixd_2",
        "nixpkgs": "nixpkgs_2",
        "tmux-which-key": "tmux-which-key",
        "tokyonight-nvim": "tokyonight-nvim",
        "treefmt-nix": "treefmt-nix_3",
        "zen-browser": "zen-browser",
        "zsh-auto-notify": "zsh-auto-notify"
      }
    },
    "tmux-which-key": {
      "flake": false,
      "locked": {
        "lastModified": 1720478603,
        "narHash": "sha256-X7FunHrAexDgAlZfN+JOUJvXFZeyVj9yu6WRnxMEA8E=",
        "owner": "alexwforsythe",
        "repo": "tmux-which-key",
        "rev": "1f419775caf136a60aac8e3a269b51ad10b51eb6",
        "type": "github"
      },
      "original": {
        "owner": "alexwforsythe",
        "repo": "tmux-which-key",
        "rev": "1f419775caf136a60aac8e3a269b51ad10b51eb6",
        "type": "github"
      }
    },
    "tokyonight-nvim": {
      "flake": false,
      "locked": {
        "lastModified": 1721799858,
        "narHash": "sha256-5QeY3EevOQzz5PHDW2CUVJ7N42TRQdh7QOF9PH1YxkU=",
        "owner": "folke",
        "repo": "tokyonight.nvim",
        "rev": "2cd12582c98a3552032824ffa67fd44b4d81184a",
        "type": "github"
      },
      "original": {
        "owner": "folke",
        "ref": "v4.8.0",
        "repo": "tokyonight.nvim",
        "type": "github"
      }
    },
    "treefmt-nix": {
      "inputs": {
        "nixpkgs": [
          "devenv",
          "nixd",
          "nixpkgs"
        ]
      },
      "locked": {
        "lastModified": 1734704479,
        "narHash": "sha256-MMi74+WckoyEWBRcg/oaGRvXC9BVVxDZNRMpL+72wBI=",
        "owner": "numtide",
        "repo": "treefmt-nix",
        "rev": "65712f5af67234dad91a5a4baee986a8b62dbf8f",
        "type": "github"
      },
      "original": {
        "owner": "numtide",
        "repo": "treefmt-nix",
        "type": "github"
      }
    },
    "treefmt-nix_2": {
      "inputs": {
        "nixpkgs": [
          "direnv-instant",
          "nixpkgs"
        ]
      },
      "locked": {
        "lastModified": 1772660329,
        "narHash": "sha256-IjU1FxYqm+VDe5qIOxoW+pISBlGvVApRjiw/Y/ttJzY=",
        "owner": "numtide",
        "repo": "treefmt-nix",
        "rev": "3710e0e1218041bbad640352a0440114b1e10428",
        "type": "github"
      },
      "original": {
        "owner": "numtide",
        "repo": "treefmt-nix",
        "type": "github"
      }
    },
    "treefmt-nix_3": {
      "inputs": {
        "nixpkgs": [
          "nixpkgs"
        ]
      },
      "locked": {
        "lastModified": 1772660329,
        "narHash": "sha256-IjU1FxYqm+VDe5qIOxoW+pISBlGvVApRjiw/Y/ttJzY=",
        "owner": "numtide",
        "repo": "treefmt-nix",
        "rev": "3710e0e1218041bbad640352a0440114b1e10428",
        "type": "github"
      },
      "original": {
        "owner": "numtide",
        "repo": "treefmt-nix",
        "type": "github"
      }
    },
    "zen-browser": {
      "inputs": {
        "home-manager": "home-manager_2",
        "nixpkgs": "nixpkgs_3"
      },
      "locked": {
        "lastModified": 1772945022,
        "narHash": "sha256-Fv14NttjL/7xfi6eVwrSEBAyBvDjI00RLiRNqA5apcw=",
        "owner": "0xc000022070",
        "repo": "zen-browser-flake",
        "rev": "3a6a5ca7fb48cc8fd8183386506a06579d1d79dc",
        "type": "github"
      },
      "original": {
        "owner": "0xc000022070",
        "repo": "zen-browser-flake",
        "type": "github"
      }
    },
    "zsh-auto-notify": {
      "flake": false,
      "locked": {
        "lastModified": 1720453411,
        "narHash": "sha256-ScBwky33leI8mFMpAz3Ng2Z0Gbou4EWMOAhkcMZAWIc=",
        "owner": "MichaelAquilina",
        "repo": "zsh-auto-notify",
        "rev": "27c07dddb42f05b199319a9b66473c8de7935856",
        "type": "github"
      },
      "original": {
        "owner": "MichaelAquilina",
        "repo": "zsh-auto-notify",
        "rev": "27c07dddb42f05b199319a9b66473c8de7935856",
        "type": "github"
      }
    }
  },
  "root": "root",
  "version": 7
}
